
Microsoft Visual Studio Solution File, Format Version 12.00
# Visual Studio Version 17
VisualStudioVersion = 17.3.32922.545
MinimumVisualStudioVersion = 10.0.40219.1
Project("{9092AA53-FB77-4645-B42D-1CCCA6BD08BD}") = "BackEndPractise", "BackEndPractise.njsproj", "{9BD5DF76-D999-496F-8CB6-B5CE04ACEFB5}"
EndProject
Global
	GlobalSection(SolutionConfigurationPlatforms) = preSolution
		Debug|Any CPU = Debug|Any CPU
		Release|Any CPU = Release|Any CPU
	EndGlobalSection
	GlobalSection(ProjectConfigurationPlatforms) = postSolution
		{9BD5DF76-D999-496F-8CB6-B5CE04ACEFB5}.Debug|Any CPU.ActiveCfg = Debug|Any CPU
		{9BD5DF76-D999-496F-8CB6-B5CE04ACEFB5}.Debug|Any CPU.Build.0 = Debug|Any CPU
		{9BD5DF76-D999-496F-8CB6-B5CE04ACEFB5}.Release|Any CPU.ActiveCfg = Release|Any CPU
		{9BD5DF76-D999-496F-8CB6-B5CE04ACEFB5}.Release|Any CPU.Build.0 = Release|Any CPU
	EndGlobalSection
	GlobalSection(SolutionProperties) = preSolution
		HideSolutionNode = FALSE
	EndGlobalSection
	GlobalSection(ExtensibilityGlobals) = postSolution
		SolutionGuid = {A536EAED-D8E4-4DBB-BA34-4805BFDB2F6C}
	EndGlobalSection
EndGlobal
